
Microsoft Visual Studio Solution File, Format Version 12.00
# Visual Studio Version 16
VisualStudioVersion = 16.0.29806.167
MinimumVisualStudioVersion = 10.0.40219.1
Project("{8BC9CEB8-8B4A-11D0-8D11-00A0C91BC942}") = "ProcessFlow", "ProcessFlow.vcxproj", "{1605AB6D-624D-403B-9F9D-0215FA4880A9}"
EndProject
Project("{8BC9CEB8-8B4A-11D0-8D11-00A0C91BC942}") = "TestExecutable", "tools\TestExecutable\TestExecutable.vcxproj", "{89534595-7E24-4CD3-A684-5F01F7720EAE}"
EndProject
Global
	GlobalSection(SolutionConfigurationPlatforms) = preSolution
		Debug|x64 = Debug|x64
		Debug|x86 = Debug|x86
		Release|x64 = Release|x64
		Release|x86 = Release|x86
	EndGlobalSection
	GlobalSection(ProjectConfigurationPlatforms) = postSolution
		{1605AB6D-624D-403B-9F9D-0215FA4880A9}.Debug|x64.ActiveCfg = Debug|x64
		{1605AB6D-624D-403B-9F9D-0215FA4880A9}.Debug|x64.Build.0 = Debug|x64
		{1605AB6D-624D-403B-9F9D-0215FA4880A9}.Debug|x86.ActiveCfg = Debug|Win32
		{1605AB6D-624D-403B-9F9D-0215FA4880A9}.Debug|x86.Build.0 = Debug|Win32
		{1605AB6D-624D-403B-9F9D-0215FA4880A9}.Release|x64.ActiveCfg = Release|x64
		{1605AB6D-624D-403B-9F9D-0215FA4880A9}.Release|x64.Build.0 = Release|x64
		{1605AB6D-624D-403B-9F9D-0215FA4880A9}.Release|x86.ActiveCfg = Release|Win32
		{1605AB6D-624D-403B-9F9D-0215FA4880A9}.Release|x86.Build.0 = Release|Win32
		{89534595-7E24-4CD3-A684-5F01F7720EAE}.Debug|x64.ActiveCfg = Debug|x64
		{89534595-7E24-4CD3-A684-5F01F7720EAE}.Debug|x64.Build.0 = Debug|x64
		{89534595-7E24-4CD3-A684-5F01F7720EAE}.Debug|x86.ActiveCfg = Debug|Win32
		{89534595-7E24-4CD3-A684-5F01F7720EAE}.Debug|x86.Build.0 = Debug|Win32
		{89534595-7E24-4CD3-A684-5F01F7720EAE}.Release|x64.ActiveCfg = Release|x64
		{89534595-7E24-4CD3-A684-5F01F7720EAE}.Release|x64.Build.0 = Release|x64
		{89534595-7E24-4CD3-A684-5F01F7720EAE}.Release|x86.ActiveCfg = Release|Win32
		{89534595-7E24-4CD3-A684-5F01F7720EAE}.Release|x86.Build.0 = Release|Win32
	EndGlobalSection
	GlobalSection(SolutionProperties) = preSolution
		HideSolutionNode = FALSE
	EndGlobalSection
	GlobalSection(ExtensibilityGlobals) = postSolution
		SolutionGuid = {CBD7E901-6B52-4A40-9712-7BF7F1D645EA}
	EndGlobalSection
EndGlobal
